{
  "contracts/contracts-foundry/lib/forge-std": {
    "rev": "b93cf4bc34ff214c099dc970b153f85ade8c9f66"
  },
  "contracts/contracts-foundry/lib/openzeppelin-contracts": {
    "rev": "acd4ff74de833399287ed6b31b4debf6b2b35527"
  },
  "contracts/contracts-foundry/lib/risc0-ethereum": {
    "rev": "3c1fd2a859e40ea009a580aac294191196968c60"
  }
}